
Microsoft Visual Studio Solution File, Format Version 12.00
# Visual Studio 15
VisualStudioVersion = 15.0.27703.2047
MinimumVisualStudioVersion = 10.0.40219.1
Project("{888888A0-9F3D-457C-B088-3A5042F75D52}") = "main.py", "main.py\main.py.pyproj", "{B4139578-86B5-486D-8C31-541E79A64A05}"
EndProject
Global
	GlobalSection(SolutionConfigurationPlatforms) = preSolution
		Debug|Any CPU = Debug|Any CPU
		Release|Any CPU = Release|Any CPU
	EndGlobalSection
	GlobalSection(ProjectConfigurationPlatforms) = postSolution
		{B4139578-86B5-486D-8C31-541E79A64A05}.Debug|Any CPU.ActiveCfg = Debug|Any CPU
		{B4139578-86B5-486D-8C31-541E79A64A05}.Release|Any CPU.ActiveCfg = Release|Any CPU
	EndGlobalSection
	GlobalSection(SolutionProperties) = preSolution
		HideSolutionNode = FALSE
	EndGlobalSection
	GlobalSection(ExtensibilityGlobals) = postSolution
		SolutionGuid = {B7267437-B644-4A38-A6BD-069DB4C651CF}
	EndGlobalSection
EndGlobal
